{
  "requires": true,
  "lockfileVersion": 1,
  "dependencies": {
    "typescript": {
      "version": "4.2.0-dev.20201109",
      "resolved": "https://registry.npmjs.org/typescript/-/typescript-4.2.0-dev.20201109.tgz",
      "integrity": "sha512-Ip14AJVIrcEWNfDAGlX+IDEzx3ZdqJNpylr9wXSm0x49b1yIElr960aL/USN5TNJea9Jz1mbay4S5sy5k2ON6g=="
    }
  }
}
